// !$*UTF8*$!
{
	archiveVersion = 1;
	classes = {
	};
	objectVersion = 50;
	objects = {

/* Begin PBXBuildFile section */
		DD3B12142138E3D4005F80D4 /* take on me-chorus.mp3 in Resources */ = {isa = PBXBuildFile; fileRef = DD3B12132138E3D4005F80D4 /* take on me-chorus.mp3 */; };
		DDE81579212FD611007AB9EE /* AppDelegate.swift in Sources */ = {isa = PBXBuildFile; fileRef = DDE81578212FD611007AB9EE /* AppDelegate.swift */; };
		DDE8157B212FD611007AB9EE /* ViewController.swift in Sources */ = {isa = PBXBuildFile; fileRef = DDE8157A212FD611007AB9EE /* ViewController.swift */; };
		DDE8157E212FD611007AB9EE /* Main.storyboard in Resources */ = {isa = PBXBuildFile; fileRef = DDE8157C212FD611007AB9EE /* Main.storyboard */; };
		DDE81580212FD613007AB9EE /* Assets.xcassets in Resources */ = {isa = PBXBuildFile; fileRef = DDE8157F212FD613007AB9EE /* Assets.xcassets */; };
		DDE81583212FD613007AB9EE /* LaunchScreen.storyboard in Resources */ = {isa = PBXBuildFile; fileRef = DDE81581212FD613007AB9EE /* LaunchScreen.storyboard */; };
/* End PBXBuildFile section */

/* Begin PBXFileReference section */
		DD3B12132138E3D4005F80D4 /* take on me-chorus.mp3 */ = {isa = PBXFileReference; lastKnownFileType = audio.mp3; path = "take on me-chorus.mp3"; sourceTree = "<group>"; };
		DDE81575212FD611007AB9EE /* LeapYearDatePicker.app */ = {isa = PBXFileReference; explicitFileType = wrapper.application; includeInIndex = 0; path = LeapYearDatePicker.app; sourceTree = BUILT_PRODUCTS_DIR; };
		DDE81578212FD611007AB9EE /* AppDelegate.swift */ = {isa = PBXFileReference; lastKnownFileType = sourcecode.swift; path = AppDelegate.swift; sourceTree = "<group>"; };
		DDE8157A212FD611007AB9EE /* ViewController.swift */ = {isa = PBXFileReference; lastKnownFileType = sourcecode.swift; path = ViewController.swift; sourceTree = "<group>"; };
		DDE8157D212FD611007AB9EE /* Base */ = {isa = PBXFileReference; lastKnownFileType = file.storyboard; name = Base; path = Base.lproj/Main.storyboard; sourceTree = "<group>"; };
		DDE8157F212FD613007AB9EE /* Assets.xcassets */ = {isa = PBXFileReference; lastKnownFileType = folder.assetcatalog; path = Assets.xcassets; sourceTree = "<group>"; };
		DDE81582212FD613007AB9EE /* Base */ = {isa = PBXFileReference; lastKnownFileType = file.storyboard; name = Base; path = Base.lproj/LaunchScreen.storyboard; sourceTree = "<group>"; };
		DDE81584212FD613007AB9EE /* Info.plist */ = {isa = PBXFileReference; lastKnownFileType = text.plist.xml; path = Info.plist; sourceTree = "<group>"; };
/* End PBXFileReference section */

/* Begin PBXFrameworksBuildPhase section */
		DDE81572212FD611007AB9EE /* Frameworks */ = {
			isa = PBXFrameworksBuildPhase;
			buildActionMask = 2147483647;
			files = (
			);
			runOnlyForDeploymentPostprocessing = 0;
		};
/* End PBXFrameworksBuildPhase section */

/* Begin PBXGroup section */
		DDE8156C212FD611007AB9EE = {
			isa = PBXGroup;
			children = (
				DDE81577212FD611007AB9EE /* LeapYearDatePicker */,
				DDE81576212FD611007AB9EE /* Products */,
			);
			sourceTree = "<group>";
		};
		DDE81576212FD611007AB9EE /* Products */ = {
			isa = PBXGroup;
			children = (
				DDE81575212FD611007AB9EE /* LeapYearDatePicker.app */,
			);
			name = Products;
			sourceTree = "<group>";
		};
		DDE81577212FD611007AB9EE /* LeapYearDatePicker */ = {
			isa = PBXGroup;
			children = (
				DD3B12132138E3D4005F80D4 /* take on me-chorus.mp3 */,
				DDE81578212FD611007AB9EE /* AppDelegate.swift */,
				DDE8157A212FD611007AB9EE /* ViewController.swift */,
				DDE8157C212FD611007AB9EE /* Main.storyboard */,
				DDE8157F212FD613007AB9EE /* Assets.xcassets */,
				DDE81581212FD613007AB9EE /* LaunchScreen.storyboard */,
				DDE81584212FD613007AB9EE /* Info.plist */,
			);
			path = LeapYearDatePicker;
			sourceTree = "<group>";
		};
/* End PBXGroup section */

/* Begin PBXNativeTarget section */
		DDE81574212FD611007AB9EE /* LeapYearDatePicker */ = {
			isa = PBXNativeTarget;
			buildConfigurationList = DDE81587212FD613007AB9EE /* Build configuration list for PBXNativeTarget "LeapYearDatePicker" */;
			buildPhases = (
				DDE81571212FD611007AB9EE /* Sources */,
				DDE81572212FD611007AB9EE /* Frameworks */,
				DDE81573212FD611007AB9EE /* Resources */,
			);
			buildRules = (
			);
			dependencies = (
			);
			name = LeapYearDatePicker;
			productName = LeapYearDatePicker;
			productReference = DDE81575212FD611007AB9EE /* LeapYearDatePicker.app */;
			productType = "com.apple.product-type.application";
		};
/* End PBXNativeTarget section */

/* Begin PBXProject section */
		DDE8156D212FD611007AB9EE /* Project object */ = {
			isa = PBXProject;
			attributes = {
				LastSwiftUpdateCheck = 0940;
				LastUpgradeCheck = 0940;
				ORGANIZATIONNAME = "Chang Sophia";
				TargetAttributes = {
					DDE81574212FD611007AB9EE = {
						CreatedOnToolsVersion = 9.4;
					};
				};
			};
			buildConfigurationList = DDE81570212FD611007AB9EE /* Build configuration list for PBXProject "LeapYearDatePicker" */;
			compatibilityVersion = "Xcode 9.3";
			developmentRegion = en;
			hasScannedForEncodings = 0;
			knownRegions = (
				en,
				Base,
			);
			mainGroup = DDE8156C212FD611007AB9EE;
			productRefGroup = DDE81576212FD611007AB9EE /* Products */;
			projectDirPath = "";
			projectRoot = "";
			targets = (
				DDE81574212FD611007AB9EE /* LeapYearDatePicker */,
			);
		};
/* End PBXProject section */

/* Begin PBXResourcesBuildPhase section */
		DDE81573212FD611007AB9EE /* Resources */ = {
			isa = PBXResourcesBuildPhase;
			buildActionMask = 2147483647;
			files = (
				DD3B12142138E3D4005F80D4 /* take on me-chorus.mp3 in Resources */,
				DDE81583212FD613007AB9EE /* LaunchScreen.storyboard in Resources */,
				DDE81580212FD613007AB9EE /* Assets.xcassets in Resources */,
				DDE8157E212FD611007AB9EE /* Main.storyboard in Resources */,
			);
			runOnlyForDeploymentPostprocessing = 0;
		};
/* End PBXResourcesBuildPhase section */

/* Begin PBXSourcesBuildPhase section */
		DDE81571212FD611007AB9EE /* Sources */ = {
			isa = PBXSourcesBuildPhase;
			buildActionMask = 2147483647;
			files = (
				DDE8157B212FD611007AB9EE /* ViewController.swift in Sources */,
				DDE81579212FD611007AB9EE /* AppDelegate.swift in Sources */,
			);
			runOnlyForDeploymentPostprocessing = 0;
		};
/* End PBXSourcesBuildPhase section */

/* Begin PBXVariantGroup section */
		DDE8157C212FD611007AB9EE /* Main.storyboard */ = {
			isa = PBXVariantGroup;
			children = (
				DDE8157D212FD611007AB9EE /* Base */,
			);
			name = Main.storyboard;
			sourceTree = "<group>";
		};
		DDE81581212FD613007AB9EE /* LaunchScreen.storyboard */ = {
			isa = PBXVariantGroup;
			children = (
				DDE81582212FD613007AB9EE /* Base */,
			);
			name = LaunchScreen.storyboard;
			sourceTree = "<group>";
		};
/* End PBXVariantGroup section */

/* Begin XCBuildConfiguration section */
		DDE81585212FD613007AB9EE /* Debug */ = {
			isa = XCBuildConfiguration;
			buildSettings = {
				ALWAYS_SEARCH_USER_PATHS = NO;
				CLANG_ANALYZER_NONNULL = YES;
				CLANG_ANALYZER_NUMBER_OBJECT_CONVERSION = YES_AGGRESSIVE;
				CLANG_CXX_LANGUAGE_STANDARD = "gnu++14";
				CLANG_CXX_LIBRARY = "libc++";
				CLANG_ENABLE_MODULES = YES;
				CLANG_ENABLE_OBJC_ARC = YES;
				CLANG_ENABLE_OBJC_WEAK = YES;
				CLANG_WARN_BLOCK_CAPTURE_AUTORELEASING = YES;
				CLANG_WARN_BOOL_CONVERSION = YES;
				CLANG_WARN_COMMA = YES;
				CLANG_WARN_CONSTANT_CONVERSION = YES;
				CLANG_WARN_DEPRECATED_OBJC_IMPLEMENTATIONS = YES;
				CLANG_WARN_DIRECT_OBJC_ISA_USAGE = YES_ERROR;
				CLANG_WARN_DOCUMENTATION_COMMENTS = YES;
				CLANG_WARN_EMPTY_BODY = YES;
				CLANG_WARN_ENUM_CONVERSION = YES;
				CLANG_WARN_INFINITE_RECURSION = YES;
				CLANG_WARN_INT_CONVERSION = YES;
				CLANG_WARN_NON_LITERAL_NULL_CONVERSION = YES;
				CLANG_WARN_OBJC_IMPLICIT_RETAIN_SELF = YES;
				CLANG_WARN_OBJC_LITERAL_CONVERSION = YES;
				CLANG_WARN_OBJC_ROOT_CLASS = YES_ERROR;
				CLANG_WARN_RANGE_LOOP_ANALYSIS = YES;
				CLANG_WARN_STRICT_PROTOTYPES = YES;
				CLANG_WARN_SUSPICIOUS_MOVE = YES;
				CLANG_WARN_UNGUARDED_AVAILABILITY = YES_AGGRESSIVE;
				CLANG_WARN_UNREACHABLE_CODE = YES;
				CLANG_WARN__DUPLICATE_METHOD_MATCH = YES;
				CODE_SIGN_IDENTITY = "iPhone Developer";
				COPY_PHASE_STRIP = NO;
				DEBUG_INFORMATION_FORMAT = dwarf;
				ENABLE_STRICT_OBJC_MSGSEND = YES;
				ENABLE_TESTABILITY = YES;
				GCC_C_LANGUAGE_STANDARD = gnu11;
				GCC_DYNAMIC_NO_PIC = NO;
				GCC_NO_COMMON_BLOCKS = YES;
				GCC_OPTIMIZATION_LEVEL = 0;
				GCC_PREPROCESSOR_DEFINITIONS = (
					"DEBUG=1",
					"$(inherited)",
				);
				GCC_WARN_64_TO_32_BIT_CONVERSION = YES;
				GCC_WARN_ABOUT_RETURN_TYPE = YES_ERROR;
				GCC_WARN_UNDECLARED_SELECTOR = YES;
				GCC_WARN_UNINITIALIZED_AUTOS = YES_AGGRESSIVE;
				GCC_WARN_UNUSED_FUNCTION = YES;
				GCC_WARN_UNUSED_VARIABLE = YES;
				IPHONEOS_DEPLOYMENT_TARGET = 11.4;
				MTL_ENABLE_DEBUG_INFO = YES;
				ONLY_ACTIVE_ARCH = YES;
				SDKROOT = iphoneos;
				SWIFT_ACTIVE_COMPILATION_CONDITIONS = DEBUG;
				SWIFT_OPTIMIZATION_LEVEL = "-Onone";
			};
			name = Debug;
		};
		DDE81586212FD613007AB9EE /* Release */ = {
			isa = XCBuildConfiguration;
			buildSettings = {
				ALWAYS_SEARCH_USER_PATHS = NO;
				CLANG_ANALYZER_NONNULL = YES;
				CLANG_ANALYZER_NUMBER_OBJECT_CONVERSION = YES_AGGRESSIVE;
				CLANG_CXX_LANGUAGE_STANDARD = "gnu++14";
				CLANG_CXX_LIBRARY = "libc++";
				CLANG_ENABLE_MODULES = YES;
				CLANG_ENABLE_OBJC_ARC = YES;
				CLANG_ENABLE_OBJC_WEAK = YES;
				CLANG_WARN_BLOCK_CAPTURE_AUTORELEASING = YES;
				CLANG_WARN_BOOL_CONVERSION = YES;
				CLANG_WARN_COMMA = YES;
				CLANG_WARN_CONSTANT_CONVERSION = YES;
				CLANG_WARN_DEPRECATED_OBJC_IMPLEMENTATIONS = YES;
				CLANG_WARN_DIRECT_OBJC_ISA_USAGE = YES_ERROR;
				CLANG_WARN_DOCUMENTATION_COMMENTS = YES;
				CLANG_WARN_EMPTY_BODY = YES;
				CLANG_WARN_ENUM_CONVERSION = YES;
				CLANG_WARN_INFINITE_RECURSION = YES;
				CLANG_WARN_INT_CONVERSION = YES;
				CLANG_WARN_NON_LITERAL_NULL_CONVERSION = YES;
				CLANG_WARN_OBJC_IMPLICIT_RETAIN_SELF = YES;
				CLANG_WARN_OBJC_LITERAL_CONVERSION = YES;
				CLANG_WARN_OBJC_ROOT_CLASS = YES_ERROR;
				CLANG_WARN_RANGE_LOOP_ANALYSIS = YES;
				CLANG_WARN_STRICT_PROTOTYPES = YES;
				CLANG_WARN_SUSPICIOUS_MOVE = YES;
				CLANG_WARN_UNGUARDED_AVAILABILITY = YES_AGGRESSIVE;
				CLANG_WARN_UNREACHABLE_CODE = YES;
				CLANG_WARN__DUPLICATE_METHOD_MATCH = YES;
				CODE_SIGN_IDENTITY = "iPhone Developer";
				COPY_PHASE_STRIP = NO;
				DEBUG_INFORMATION_FORMAT = "dwarf-with-dsym";
				ENABLE_NS_ASSERTIONS = NO;
				ENABLE_STRICT_OBJC_MSGSEND = YES;
				GCC_C_LANGUAGE_STANDARD = gnu11;
				GCC_NO_COMMON_BLOCKS = YES;
				GCC_WARN_64_TO_32_BIT_CONVERSION = YES;
				GCC_WARN_ABOUT_RETURN_TYPE = YES_ERROR;
				GCC_WARN_UNDECLARED_SELECTOR = YES;
				GCC_WARN_UNINITIALIZED_AUTOS = YES_AGGRESSIVE;
				GCC_WARN_UNUSED_FUNCTION = YES;
				GCC_WARN_UNUSED_VARIABLE = YES;
				IPHONEOS_DEPLOYMENT_TARGET = 11.4;
				MTL_ENABLE_DEBUG_INFO = NO;
				SDKROOT = iphoneos;
				SWIFT_COMPILATION_MODE = wholemodule;
				SWIFT_OPTIMIZATION_LEVEL = "-O";
				VALIDATE_PRODUCT = YES;
			};
			name = Release;
		};
		DDE81588212FD613007AB9EE /* Debug */ = {
			isa = XCBuildConfiguration;
			buildSettings = {
				ASSETCATALOG_COMPILER_APPICON_NAME = AppIcon;
				CODE_SIGN_STYLE = Automatic;
				DEVELOPMENT_TEAM = 3M66U64HQ4;
				INFOPLIST_FILE = LeapYearDatePicker/Info.plist;
				LD_RUNPATH_SEARCH_PATHS = (
					"$(inherited)",
					"@executable_path/Frameworks",
				);
				PRODUCT_BUNDLE_IDENTIFIER = com.gmb728.LeapYearDatePicker;
				PRODUCT_NAME = "$(TARGET_NAME)";
				SWIFT_VERSION = 4.0;
				TARGETED_DEVICE_FAMILY = "1,2";
			};
			name = Debug;
		};
		DDE81589212FD613007AB9EE /* Release */ = {
			isa = XCBuildConfiguration;
			buildSettings = {
				ASSETCATALOG_COMPILER_APPICON_NAME = AppIcon;
				CODE_SIGN_STYLE = Automatic;
				DEVELOPMENT_TEAM = 3M66U64HQ4;
				INFOPLIST_FILE = LeapYearDatePicker/Info.plist;
				LD_RUNPATH_SEARCH_PATHS = (
					"$(inherited)",
					"@executable_path/Frameworks",
				);
				PRODUCT_BUNDLE_IDENTIFIER = com.gmb728.LeapYearDatePicker;
				PRODUCT_NAME = "$(TARGET_NAME)";
				SWIFT_VERSION = 4.0;
				TARGETED_DEVICE_FAMILY = "1,2";
			};
			name = Release;
		};
/* End XCBuildConfiguration section */

/* Begin XCConfigurationList section */
		DDE81570212FD611007AB9EE /* Build configuration list for PBXProject "LeapYearDatePicker" */ = {
			isa = XCConfigurationList;
			buildConfigurations = (
				DDE81585212FD613007AB9EE /* Debug */,
				DDE81586212FD613007AB9EE /* Release */,
			);
			defaultConfigurationIsVisible = 0;
			defaultConfigurationName = Release;
		};
		DDE81587212FD613007AB9EE /* Build configuration list for PBXNativeTarget "LeapYearDatePicker" */ = {
			isa = XCConfigurationList;
			buildConfigurations = (
				DDE81588212FD613007AB9EE /* Debug */,
				DDE81589212FD613007AB9EE /* Release */,
			);
			defaultConfigurationIsVisible = 0;
			defaultConfigurationName = Release;
		};
/* End XCConfigurationList section */
	};
	rootObject = DDE8156D212FD611007AB9EE /* Project object */;
}
